
Microsoft Visual Studio Solution File, Format Version 12.00
# Visual Studio Version 17
VisualStudioVersion = 17.5.33424.131
MinimumVisualStudioVersion = 10.0.40219.1
Project("{FAE04EC0-301F-11D3-BF4B-00C04F79EFBC}") = "What Does This Code Do Chapter 6 Part 2 6.26", "What Does This Code Do Chapter 6 Part 2 6.26\What Does This Code Do Chapter 6 Part 2 6.26.csproj", "{E0E6B934-5929-407E-BDBD-494AF74CFBBF}"
EndProject
Global
	GlobalSection(SolutionConfigurationPlatforms) = preSolution
		Debug|Any CPU = Debug|Any CPU
		Release|Any CPU = Release|Any CPU
	EndGlobalSection
	GlobalSection(ProjectConfigurationPlatforms) = postSolution
		{E0E6B934-5929-407E-BDBD-494AF74CFBBF}.Debug|Any CPU.ActiveCfg = Debug|Any CPU
		{E0E6B934-5929-407E-BDBD-494AF74CFBBF}.Debug|Any CPU.Build.0 = Debug|Any CPU
		{E0E6B934-5929-407E-BDBD-494AF74CFBBF}.Release|Any CPU.ActiveCfg = Release|Any CPU
		{E0E6B934-5929-407E-BDBD-494AF74CFBBF}.Release|Any CPU.Build.0 = Release|Any CPU
	EndGlobalSection
	GlobalSection(SolutionProperties) = preSolution
		HideSolutionNode = FALSE
	EndGlobalSection
	GlobalSection(ExtensibilityGlobals) = postSolution
		SolutionGuid = {66F177D5-8BF0-4610-8378-E199351464FA}
	EndGlobalSection
EndGlobal
